// !$*UTF8*$!
{
	archiveVersion = 1;
	classes = {
	};
	objectVersion = 56;
	objects = {

/* Begin PBXBuildFile section */
		0545727B298FAD100058049F /* AppDelegate.swift in Sources */ = {isa = PBXBuildFile; fileRef = 0545727A298FAD100058049F /* AppDelegate.swift */; };
		0545727D298FAD100058049F /* SceneDelegate.swift in Sources */ = {isa = PBXBuildFile; fileRef = 0545727C298FAD100058049F /* SceneDelegate.swift */; };
		05457282298FAD100058049F /* Main.storyboard in Resources */ = {isa = PBXBuildFile; fileRef = 05457280298FAD100058049F /* Main.storyboard */; };
		05457284298FAD120058049F /* Assets.xcassets in Resources */ = {isa = PBXBuildFile; fileRef = 05457283298FAD120058049F /* Assets.xcassets */; };
		05457292298FAD130058049F /* TheNewsTests.swift in Sources */ = {isa = PBXBuildFile; fileRef = 05457291298FAD130058049F /* TheNewsTests.swift */; };
		0545729C298FAD130058049F /* TheNewsUITests.swift in Sources */ = {isa = PBXBuildFile; fileRef = 0545729B298FAD130058049F /* TheNewsUITests.swift */; };
		0545729E298FAD130058049F /* TheNewsUITestsLaunchTests.swift in Sources */ = {isa = PBXBuildFile; fileRef = 0545729D298FAD130058049F /* TheNewsUITestsLaunchTests.swift */; };
		054572AC298FAD990058049F /* NewsApi.swift in Sources */ = {isa = PBXBuildFile; fileRef = 054572AB298FAD990058049F /* NewsApi.swift */; };
		054572AE298FADC10058049F /* NewsApiModel.swift in Sources */ = {isa = PBXBuildFile; fileRef = 054572AD298FADC10058049F /* NewsApiModel.swift */; };
		054572B0298FAE320058049F /* Extention.swift in Sources */ = {isa = PBXBuildFile; fileRef = 054572AF298FAE320058049F /* Extention.swift */; };
		054572B2298FAE620058049F /* ImageDownloader.swift in Sources */ = {isa = PBXBuildFile; fileRef = 054572B1298FAE620058049F /* ImageDownloader.swift */; };
		054572B4298FAF740058049F /* NewsViewModel.swift in Sources */ = {isa = PBXBuildFile; fileRef = 054572B3298FAF740058049F /* NewsViewModel.swift */; };
		054572B6298FAFBD0058049F /* NewsViewController.swift in Sources */ = {isa = PBXBuildFile; fileRef = 054572B5298FAFBD0058049F /* NewsViewController.swift */; };
		054572B8298FB01B0058049F /* Settings.swift in Sources */ = {isa = PBXBuildFile; fileRef = 054572B7298FB01B0058049F /* Settings.swift */; };
		054572BA298FB0570058049F /* UserDefault.swift in Sources */ = {isa = PBXBuildFile; fileRef = 054572B9298FB0570058049F /* UserDefault.swift */; };
		054572C1298FB2270058049F /* NewsCell.swift in Sources */ = {isa = PBXBuildFile; fileRef = 054572C0298FB2270058049F /* NewsCell.swift */; };
		054572C3298FB24E0058049F /* NewsCollectionHandler.swift in Sources */ = {isa = PBXBuildFile; fileRef = 054572C2298FB24E0058049F /* NewsCollectionHandler.swift */; };
		054572C5298FB26F0058049F /* NewsTableHandler.swift in Sources */ = {isa = PBXBuildFile; fileRef = 054572C4298FB26F0058049F /* NewsTableHandler.swift */; };
		054572EB298FC4AF0058049F /* LaunchScreen.storyboard in Resources */ = {isa = PBXBuildFile; fileRef = 054572EA298FC4AF0058049F /* LaunchScreen.storyboard */; };
		054D7B0C298FD2540037DBA8 /* Info.plist in Resources */ = {isa = PBXBuildFile; fileRef = 054D7B0B298FD2540037DBA8 /* Info.plist */; };
		054D7B1A298FF8200037DBA8 /* CNNCell.swift in Sources */ = {isa = PBXBuildFile; fileRef = 054D7B19298FF8200037DBA8 /* CNNCell.swift */; };
		054D7B1C298FF8720037DBA8 /* CNNHandler.swift in Sources */ = {isa = PBXBuildFile; fileRef = 054D7B1B298FF8720037DBA8 /* CNNHandler.swift */; };
		054D7B1F298FF8A80037DBA8 /* LilNewsCell.swift in Sources */ = {isa = PBXBuildFile; fileRef = 054D7B1E298FF8A80037DBA8 /* LilNewsCell.swift */; };
		054D7B21298FF8BC0037DBA8 /* LilNewsHandler.swift in Sources */ = {isa = PBXBuildFile; fileRef = 054D7B20298FF8BC0037DBA8 /* LilNewsHandler.swift */; };
/* End PBXBuildFile section */

/* Begin PBXContainerItemProxy section */
		0545728E298FAD130058049F /* PBXContainerItemProxy */ = {
			isa = PBXContainerItemProxy;
			containerPortal = 0545726F298FAD100058049F /* Project object */;
			proxyType = 1;
			remoteGlobalIDString = 05457276298FAD100058049F;
			remoteInfo = TheNews;
		};
		05457298298FAD130058049F /* PBXContainerItemProxy */ = {
			isa = PBXContainerItemProxy;
			containerPortal = 0545726F298FAD100058049F /* Project object */;
			proxyType = 1;
			remoteGlobalIDString = 05457276298FAD100058049F;
			remoteInfo = TheNews;
		};
/* End PBXContainerItemProxy section */

/* Begin PBXFileReference section */
		05457277298FAD100058049F /* TheNews.app */ = {isa = PBXFileReference; explicitFileType = wrapper.application; includeInIndex = 0; path = TheNews.app; sourceTree = BUILT_PRODUCTS_DIR; };
		0545727A298FAD100058049F /* AppDelegate.swift */ = {isa = PBXFileReference; lastKnownFileType = sourcecode.swift; path = AppDelegate.swift; sourceTree = "<group>"; };
		0545727C298FAD100058049F /* SceneDelegate.swift */ = {isa = PBXFileReference; lastKnownFileType = sourcecode.swift; path = SceneDelegate.swift; sourceTree = "<group>"; };
		05457281298FAD100058049F /* Base */ = {isa = PBXFileReference; lastKnownFileType = file.storyboard; name = Base; path = Base.lproj/Main.storyboard; sourceTree = "<group>"; };
		05457283298FAD120058049F /* Assets.xcassets */ = {isa = PBXFileReference; lastKnownFileType = folder.assetcatalog; path = Assets.xcassets; sourceTree = "<group>"; };
		05457288298FAD120058049F /* Info.plist */ = {isa = PBXFileReference; lastKnownFileType = text.plist.xml; path = Info.plist; sourceTree = "<group>"; };
		0545728D298FAD130058049F /* TheNewsTests.xctest */ = {isa = PBXFileReference; explicitFileType = wrapper.cfbundle; includeInIndex = 0; path = TheNewsTests.xctest; sourceTree = BUILT_PRODUCTS_DIR; };
		05457291298FAD130058049F /* TheNewsTests.swift */ = {isa = PBXFileReference; lastKnownFileType = sourcecode.swift; path = TheNewsTests.swift; sourceTree = "<group>"; };
		05457297298FAD130058049F /* TheNewsUITests.xctest */ = {isa = PBXFileReference; explicitFileType = wrapper.cfbundle; includeInIndex = 0; path = TheNewsUITests.xctest; sourceTree = BUILT_PRODUCTS_DIR; };
		0545729B298FAD130058049F /* TheNewsUITests.swift */ = {isa = PBXFileReference; lastKnownFileType = sourcecode.swift; path = TheNewsUITests.swift; sourceTree = "<group>"; };
		0545729D298FAD130058049F /* TheNewsUITestsLaunchTests.swift */ = {isa = PBXFileReference; lastKnownFileType = sourcecode.swift; path = TheNewsUITestsLaunchTests.swift; sourceTree = "<group>"; };
		054572AB298FAD990058049F /* NewsApi.swift */ = {isa = PBXFileReference; lastKnownFileType = sourcecode.swift; path = NewsApi.swift; sourceTree = "<group>"; };
		054572AD298FADC10058049F /* NewsApiModel.swift */ = {isa = PBXFileReference; lastKnownFileType = sourcecode.swift; path = NewsApiModel.swift; sourceTree = "<group>"; };
		054572AF298FAE320058049F /* Extention.swift */ = {isa = PBXFileReference; lastKnownFileType = sourcecode.swift; path = Extention.swift; sourceTree = "<group>"; };
		054572B1298FAE620058049F /* ImageDownloader.swift */ = {isa = PBXFileReference; lastKnownFileType = sourcecode.swift; path = ImageDownloader.swift; sourceTree = "<group>"; };
		054572B3298FAF740058049F /* NewsViewModel.swift */ = {isa = PBXFileReference; lastKnownFileType = sourcecode.swift; path = NewsViewModel.swift; sourceTree = "<group>"; };
		054572B5298FAFBD0058049F /* NewsViewController.swift */ = {isa = PBXFileReference; lastKnownFileType = sourcecode.swift; path = NewsViewController.swift; sourceTree = "<group>"; };
		054572B7298FB01B0058049F /* Settings.swift */ = {isa = PBXFileReference; lastKnownFileType = sourcecode.swift; path = Settings.swift; sourceTree = "<group>"; };
		054572B9298FB0570058049F /* UserDefault.swift */ = {isa = PBXFileReference; lastKnownFileType = sourcecode.swift; path = UserDefault.swift; sourceTree = "<group>"; };
		054572C0298FB2270058049F /* NewsCell.swift */ = {isa = PBXFileReference; lastKnownFileType = sourcecode.swift; path = NewsCell.swift; sourceTree = "<group>"; };
		054572C2298FB24E0058049F /* NewsCollectionHandler.swift */ = {isa = PBXFileReference; lastKnownFileType = sourcecode.swift; path = NewsCollectionHandler.swift; sourceTree = "<group>"; };
		054572C4298FB26F0058049F /* NewsTableHandler.swift */ = {isa = PBXFileReference; lastKnownFileType = sourcecode.swift; path = NewsTableHandler.swift; sourceTree = "<group>"; };
		054572EA298FC4AF0058049F /* LaunchScreen.storyboard */ = {isa = PBXFileReference; lastKnownFileType = file.storyboard; path = LaunchScreen.storyboard; sourceTree = "<group>"; };
		054D7B0B298FD2540037DBA8 /* Info.plist */ = {isa = PBXFileReference; lastKnownFileType = text.plist.xml; path = Info.plist; sourceTree = "<group>"; };
		054D7B19298FF8200037DBA8 /* CNNCell.swift */ = {isa = PBXFileReference; lastKnownFileType = sourcecode.swift; path = CNNCell.swift; sourceTree = "<group>"; };
		054D7B1B298FF8720037DBA8 /* CNNHandler.swift */ = {isa = PBXFileReference; lastKnownFileType = sourcecode.swift; path = CNNHandler.swift; sourceTree = "<group>"; };
		054D7B1E298FF8A80037DBA8 /* LilNewsCell.swift */ = {isa = PBXFileReference; lastKnownFileType = sourcecode.swift; path = LilNewsCell.swift; sourceTree = "<group>"; };
		054D7B20298FF8BC0037DBA8 /* LilNewsHandler.swift */ = {isa = PBXFileReference; lastKnownFileType = sourcecode.swift; path = LilNewsHandler.swift; sourceTree = "<group>"; };
/* End PBXFileReference section */

/* Begin PBXFrameworksBuildPhase section */
		05457274298FAD100058049F /* Frameworks */ = {
			isa = PBXFrameworksBuildPhase;
			buildActionMask = 2147483647;
			files = (
			);
			runOnlyForDeploymentPostprocessing = 0;
		};
		0545728A298FAD130058049F /* Frameworks */ = {
			isa = PBXFrameworksBuildPhase;
			buildActionMask = 2147483647;
			files = (
			);
			runOnlyForDeploymentPostprocessing = 0;
		};
		05457294298FAD130058049F /* Frameworks */ = {
			isa = PBXFrameworksBuildPhase;
			buildActionMask = 2147483647;
			files = (
			);
			runOnlyForDeploymentPostprocessing = 0;
		};
/* End PBXFrameworksBuildPhase section */

/* Begin PBXGroup section */
		0545726E298FAD100058049F = {
			isa = PBXGroup;
			children = (
				05457279298FAD100058049F /* TheNews */,
				05457290298FAD130058049F /* TheNewsTests */,
				0545729A298FAD130058049F /* TheNewsUITests */,
				05457278298FAD100058049F /* Products */,
			);
			sourceTree = "<group>";
		};
		05457278298FAD100058049F /* Products */ = {
			isa = PBXGroup;
			children = (
				05457277298FAD100058049F /* TheNews.app */,
				0545728D298FAD130058049F /* TheNewsTests.xctest */,
				05457297298FAD130058049F /* TheNewsUITests.xctest */,
			);
			name = Products;
			sourceTree = "<group>";
		};
		05457279298FAD100058049F /* TheNews */ = {
			isa = PBXGroup;
			children = (
				054572BB298FB18B0058049F /* Views */,
				054572AA298FAD690058049F /* NewsApi */,
				0545727A298FAD100058049F /* AppDelegate.swift */,
				0545727C298FAD100058049F /* SceneDelegate.swift */,
				05457280298FAD100058049F /* Main.storyboard */,
				05457283298FAD120058049F /* Assets.xcassets */,
				054572EA298FC4AF0058049F /* LaunchScreen.storyboard */,
				05457288298FAD120058049F /* Info.plist */,
				054572B1298FAE620058049F /* ImageDownloader.swift */,
				054572B7298FB01B0058049F /* Settings.swift */,
				054572B9298FB0570058049F /* UserDefault.swift */,
				054572AF298FAE320058049F /* Extention.swift */,
				054572B5298FAFBD0058049F /* NewsViewController.swift */,
				054572B3298FAF740058049F /* NewsViewModel.swift */,
			);
			path = TheNews;
			sourceTree = "<group>";
		};
		05457290298FAD130058049F /* TheNewsTests */ = {
			isa = PBXGroup;
			children = (
				05457291298FAD130058049F /* TheNewsTests.swift */,
				054D7B0B298FD2540037DBA8 /* Info.plist */,
			);
			path = TheNewsTests;
			sourceTree = "<group>";
		};
		0545729A298FAD130058049F /* TheNewsUITests */ = {
			isa = PBXGroup;
			children = (
				0545729B298FAD130058049F /* TheNewsUITests.swift */,
				0545729D298FAD130058049F /* TheNewsUITestsLaunchTests.swift */,
			);
			path = TheNewsUITests;
			sourceTree = "<group>";
		};
		054572AA298FAD690058049F /* NewsApi */ = {
			isa = PBXGroup;
			children = (
				054572AB298FAD990058049F /* NewsApi.swift */,
				054572AD298FADC10058049F /* NewsApiModel.swift */,
			);
			path = NewsApi;
			sourceTree = "<group>";
		};
		054572BB298FB18B0058049F /* Views */ = {
			isa = PBXGroup;
			children = (
				054D7B1D298FF8890037DBA8 /* LilNews */,
				054D7B18298FF80A0037DBA8 /* CNN */,
				054572C0298FB2270058049F /* NewsCell.swift */,
				054572C2298FB24E0058049F /* NewsCollectionHandler.swift */,
				054572C4298FB26F0058049F /* NewsTableHandler.swift */,
			);
			path = Views;
			sourceTree = "<group>";
		};
		054D7B18298FF80A0037DBA8 /* CNN */ = {
			isa = PBXGroup;
			children = (
				054D7B19298FF8200037DBA8 /* CNNCell.swift */,
				054D7B1B298FF8720037DBA8 /* CNNHandler.swift */,
			);
			path = CNN;
			sourceTree = "<group>";
		};
		054D7B1D298FF8890037DBA8 /* LilNews */ = {
			isa = PBXGroup;
			children = (
				054D7B1E298FF8A80037DBA8 /* LilNewsCell.swift */,
				054D7B20298FF8BC0037DBA8 /* LilNewsHandler.swift */,
			);
			path = LilNews;
			sourceTree = "<group>";
		};
/* End PBXGroup section */

/* Begin PBXNativeTarget section */
		05457276298FAD100058049F /* TheNews */ = {
			isa = PBXNativeTarget;
			buildConfigurationList = 054572A1298FAD130058049F /* Build configuration list for PBXNativeTarget "TheNews" */;
			buildPhases = (
				05457273298FAD100058049F /* Sources */,
				05457274298FAD100058049F /* Frameworks */,
				05457275298FAD100058049F /* Resources */,
			);
			buildRules = (
			);
			dependencies = (
			);
			name = TheNews;
			productName = TheNews;
			productReference = 05457277298FAD100058049F /* TheNews.app */;
			productType = "com.apple.product-type.application";
		};
		0545728C298FAD130058049F /* TheNewsTests */ = {
			isa = PBXNativeTarget;
			buildConfigurationList = 054572A4298FAD130058049F /* Build configuration list for PBXNativeTarget "TheNewsTests" */;
			buildPhases = (
				05457289298FAD130058049F /* Sources */,
				0545728A298FAD130058049F /* Frameworks */,
				0545728B298FAD130058049F /* Resources */,
			);
			buildRules = (
			);
			dependencies = (
				0545728F298FAD130058049F /* PBXTargetDependency */,
			);
			name = TheNewsTests;
			productName = TheNewsTests;
			productReference = 0545728D298FAD130058049F /* TheNewsTests.xctest */;
			productType = "com.apple.product-type.bundle.unit-test";
		};
		05457296298FAD130058049F /* TheNewsUITests */ = {
			isa = PBXNativeTarget;
			buildConfigurationList = 054572A7298FAD130058049F /* Build configuration list for PBXNativeTarget "TheNewsUITests" */;
			buildPhases = (
				05457293298FAD130058049F /* Sources */,
				05457294298FAD130058049F /* Frameworks */,
				05457295298FAD130058049F /* Resources */,
			);
			buildRules = (
			);
			dependencies = (
				05457299298FAD130058049F /* PBXTargetDependency */,
			);
			name = TheNewsUITests;
			productName = TheNewsUITests;
			productReference = 05457297298FAD130058049F /* TheNewsUITests.xctest */;
			productType = "com.apple.product-type.bundle.ui-testing";
		};
/* End PBXNativeTarget section */

/* Begin PBXProject section */
		0545726F298FAD100058049F /* Project object */ = {
			isa = PBXProject;
			attributes = {
				BuildIndependentTargetsInParallel = 1;
				LastSwiftUpdateCheck = 1420;
				LastUpgradeCheck = 1420;
				TargetAttributes = {
					05457276298FAD100058049F = {
						CreatedOnToolsVersion = 14.2;
					};
					0545728C298FAD130058049F = {
						CreatedOnToolsVersion = 14.2;
						TestTargetID = 05457276298FAD100058049F;
					};
					05457296298FAD130058049F = {
						CreatedOnToolsVersion = 14.2;
						TestTargetID = 05457276298FAD100058049F;
					};
				};
			};
			buildConfigurationList = 05457272298FAD100058049F /* Build configuration list for PBXProject "TheNews" */;
			compatibilityVersion = "Xcode 14.0";
			developmentRegion = en;
			hasScannedForEncodings = 0;
			knownRegions = (
				en,
				Base,
			);
			mainGroup = 0545726E298FAD100058049F;
			productRefGroup = 05457278298FAD100058049F /* Products */;
			projectDirPath = "";
			projectRoot = "";
			targets = (
				05457276298FAD100058049F /* TheNews */,
				0545728C298FAD130058049F /* TheNewsTests */,
				05457296298FAD130058049F /* TheNewsUITests */,
			);
		};
/* End PBXProject section */

/* Begin PBXResourcesBuildPhase section */
		05457275298FAD100058049F /* Resources */ = {
			isa = PBXResourcesBuildPhase;
			buildActionMask = 2147483647;
			files = (
				054572EB298FC4AF0058049F /* LaunchScreen.storyboard in Resources */,
				05457284298FAD120058049F /* Assets.xcassets in Resources */,
				05457282298FAD100058049F /* Main.storyboard in Resources */,
			);
			runOnlyForDeploymentPostprocessing = 0;
		};
		0545728B298FAD130058049F /* Resources */ = {
			isa = PBXResourcesBuildPhase;
			buildActionMask = 2147483647;
			files = (
				054D7B0C298FD2540037DBA8 /* Info.plist in Resources */,
			);
			runOnlyForDeploymentPostprocessing = 0;
		};
		05457295298FAD130058049F /* Resources */ = {
			isa = PBXResourcesBuildPhase;
			buildActionMask = 2147483647;
			files = (
			);
			runOnlyForDeploymentPostprocessing = 0;
		};
/* End PBXResourcesBuildPhase section */

/* Begin PBXSourcesBuildPhase section */
		05457273298FAD100058049F /* Sources */ = {
			isa = PBXSourcesBuildPhase;
			buildActionMask = 2147483647;
			files = (
				0545727B298FAD100058049F /* AppDelegate.swift in Sources */,
				054572B2298FAE620058049F /* ImageDownloader.swift in Sources */,
				054D7B1F298FF8A80037DBA8 /* LilNewsCell.swift in Sources */,
				054572BA298FB0570058049F /* UserDefault.swift in Sources */,
				054D7B1A298FF8200037DBA8 /* CNNCell.swift in Sources */,
				054572AE298FADC10058049F /* NewsApiModel.swift in Sources */,
				0545727D298FAD100058049F /* SceneDelegate.swift in Sources */,
				054D7B1C298FF8720037DBA8 /* CNNHandler.swift in Sources */,
				054572B0298FAE320058049F /* Extention.swift in Sources */,
				054572AC298FAD990058049F /* NewsApi.swift in Sources */,
				054572B8298FB01B0058049F /* Settings.swift in Sources */,
				054572B4298FAF740058049F /* NewsViewModel.swift in Sources */,
				054D7B21298FF8BC0037DBA8 /* LilNewsHandler.swift in Sources */,
				054572C5298FB26F0058049F /* NewsTableHandler.swift in Sources */,
				054572C3298FB24E0058049F /* NewsCollectionHandler.swift in Sources */,
				054572C1298FB2270058049F /* NewsCell.swift in Sources */,
				054572B6298FAFBD0058049F /* NewsViewController.swift in Sources */,
			);
			runOnlyForDeploymentPostprocessing = 0;
		};
		05457289298FAD130058049F /* Sources */ = {
			isa = PBXSourcesBuildPhase;
			buildActionMask = 2147483647;
			files = (
				05457292298FAD130058049F /* TheNewsTests.swift in Sources */,
			);
			runOnlyForDeploymentPostprocessing = 0;
		};
		05457293298FAD130058049F /* Sources */ = {
			isa = PBXSourcesBuildPhase;
			buildActionMask = 2147483647;
			files = (
				0545729C298FAD130058049F /* TheNewsUITests.swift in Sources */,
				0545729E298FAD130058049F /* TheNewsUITestsLaunchTests.swift in Sources */,
			);
			runOnlyForDeploymentPostprocessing = 0;
		};
/* End PBXSourcesBuildPhase section */

/* Begin PBXTargetDependency section */
		0545728F298FAD130058049F /* PBXTargetDependency */ = {
			isa = PBXTargetDependency;
			target = 05457276298FAD100058049F /* TheNews */;
			targetProxy = 0545728E298FAD130058049F /* PBXContainerItemProxy */;
		};
		05457299298FAD130058049F /* PBXTargetDependency */ = {
			isa = PBXTargetDependency;
			target = 05457276298FAD100058049F /* TheNews */;
			targetProxy = 05457298298FAD130058049F /* PBXContainerItemProxy */;
		};
/* End PBXTargetDependency section */

/* Begin PBXVariantGroup section */
		05457280298FAD100058049F /* Main.storyboard */ = {
			isa = PBXVariantGroup;
			children = (
				05457281298FAD100058049F /* Base */,
			);
			name = Main.storyboard;
			sourceTree = "<group>";
		};
/* End PBXVariantGroup section */

/* Begin XCBuildConfiguration section */
		0545729F298FAD130058049F /* Debug */ = {
			isa = XCBuildConfiguration;
			buildSettings = {
				ALWAYS_SEARCH_USER_PATHS = NO;
				CLANG_ANALYZER_NONNULL = YES;
				CLANG_ANALYZER_NUMBER_OBJECT_CONVERSION = YES_AGGRESSIVE;
				CLANG_CXX_LANGUAGE_STANDARD = "gnu++20";
				CLANG_ENABLE_MODULES = YES;
				CLANG_ENABLE_OBJC_ARC = YES;
				CLANG_ENABLE_OBJC_WEAK = YES;
				CLANG_WARN_BLOCK_CAPTURE_AUTORELEASING = YES;
				CLANG_WARN_BOOL_CONVERSION = YES;
				CLANG_WARN_COMMA = YES;
				CLANG_WARN_CONSTANT_CONVERSION = YES;
				CLANG_WARN_DEPRECATED_OBJC_IMPLEMENTATIONS = YES;
				CLANG_WARN_DIRECT_OBJC_ISA_USAGE = YES_ERROR;
				CLANG_WARN_DOCUMENTATION_COMMENTS = YES;
				CLANG_WARN_EMPTY_BODY = YES;
				CLANG_WARN_ENUM_CONVERSION = YES;
				CLANG_WARN_INFINITE_RECURSION = YES;
				CLANG_WARN_INT_CONVERSION = YES;
				CLANG_WARN_NON_LITERAL_NULL_CONVERSION = YES;
				CLANG_WARN_OBJC_IMPLICIT_RETAIN_SELF = YES;
				CLANG_WARN_OBJC_LITERAL_CONVERSION = YES;
				CLANG_WARN_OBJC_ROOT_CLASS = YES_ERROR;
				CLANG_WARN_QUOTED_INCLUDE_IN_FRAMEWORK_HEADER = YES;
				CLANG_WARN_RANGE_LOOP_ANALYSIS = YES;
				CLANG_WARN_STRICT_PROTOTYPES = YES;
				CLANG_WARN_SUSPICIOUS_MOVE = YES;
				CLANG_WARN_UNGUARDED_AVAILABILITY = YES_AGGRESSIVE;
				CLANG_WARN_UNREACHABLE_CODE = YES;
				CLANG_WARN__DUPLICATE_METHOD_MATCH = YES;
				COPY_PHASE_STRIP = NO;
				DEBUG_INFORMATION_FORMAT = dwarf;
				ENABLE_STRICT_OBJC_MSGSEND = YES;
				ENABLE_TESTABILITY = YES;
				GCC_C_LANGUAGE_STANDARD = gnu11;
				GCC_DYNAMIC_NO_PIC = NO;
				GCC_NO_COMMON_BLOCKS = YES;
				GCC_OPTIMIZATION_LEVEL = 0;
				GCC_PREPROCESSOR_DEFINITIONS = (
					"DEBUG=1",
					"$(inherited)",
				);
				GCC_WARN_64_TO_32_BIT_CONVERSION = YES;
				GCC_WARN_ABOUT_RETURN_TYPE = YES_ERROR;
				GCC_WARN_UNDECLARED_SELECTOR = YES;
				GCC_WARN_UNINITIALIZED_AUTOS = YES_AGGRESSIVE;
				GCC_WARN_UNUSED_FUNCTION = YES;
				GCC_WARN_UNUSED_VARIABLE = YES;
				IPHONEOS_DEPLOYMENT_TARGET = 16.2;
				MTL_ENABLE_DEBUG_INFO = INCLUDE_SOURCE;
				MTL_FAST_MATH = YES;
				ONLY_ACTIVE_ARCH = YES;
				SDKROOT = iphoneos;
				SWIFT_ACTIVE_COMPILATION_CONDITIONS = DEBUG;
				SWIFT_OPTIMIZATION_LEVEL = "-Onone";
			};
			name = Debug;
		};
		054572A0298FAD130058049F /* Release */ = {
			isa = XCBuildConfiguration;
			buildSettings = {
				ALWAYS_SEARCH_USER_PATHS = NO;
				CLANG_ANALYZER_NONNULL = YES;
				CLANG_ANALYZER_NUMBER_OBJECT_CONVERSION = YES_AGGRESSIVE;
				CLANG_CXX_LANGUAGE_STANDARD = "gnu++20";
				CLANG_ENABLE_MODULES = YES;
				CLANG_ENABLE_OBJC_ARC = YES;
				CLANG_ENABLE_OBJC_WEAK = YES;
				CLANG_WARN_BLOCK_CAPTURE_AUTORELEASING = YES;
				CLANG_WARN_BOOL_CONVERSION = YES;
				CLANG_WARN_COMMA = YES;
				CLANG_WARN_CONSTANT_CONVERSION = YES;
				CLANG_WARN_DEPRECATED_OBJC_IMPLEMENTATIONS = YES;
				CLANG_WARN_DIRECT_OBJC_ISA_USAGE = YES_ERROR;
				CLANG_WARN_DOCUMENTATION_COMMENTS = YES;
				CLANG_WARN_EMPTY_BODY = YES;
				CLANG_WARN_ENUM_CONVERSION = YES;
				CLANG_WARN_INFINITE_RECURSION = YES;
				CLANG_WARN_INT_CONVERSION = YES;
				CLANG_WARN_NON_LITERAL_NULL_CONVERSION = YES;
				CLANG_WARN_OBJC_IMPLICIT_RETAIN_SELF = YES;
				CLANG_WARN_OBJC_LITERAL_CONVERSION = YES;
				CLANG_WARN_OBJC_ROOT_CLASS = YES_ERROR;
				CLANG_WARN_QUOTED_INCLUDE_IN_FRAMEWORK_HEADER = YES;
				CLANG_WARN_RANGE_LOOP_ANALYSIS = YES;
				CLANG_WARN_STRICT_PROTOTYPES = YES;
				CLANG_WARN_SUSPICIOUS_MOVE = YES;
				CLANG_WARN_UNGUARDED_AVAILABILITY = YES_AGGRESSIVE;
				CLANG_WARN_UNREACHABLE_CODE = YES;
				CLANG_WARN__DUPLICATE_METHOD_MATCH = YES;
				COPY_PHASE_STRIP = NO;
				DEBUG_INFORMATION_FORMAT = "dwarf-with-dsym";
				ENABLE_NS_ASSERTIONS = NO;
				ENABLE_STRICT_OBJC_MSGSEND = YES;
				GCC_C_LANGUAGE_STANDARD = gnu11;
				GCC_NO_COMMON_BLOCKS = YES;
				GCC_WARN_64_TO_32_BIT_CONVERSION = YES;
				GCC_WARN_ABOUT_RETURN_TYPE = YES_ERROR;
				GCC_WARN_UNDECLARED_SELECTOR = YES;
				GCC_WARN_UNINITIALIZED_AUTOS = YES_AGGRESSIVE;
				GCC_WARN_UNUSED_FUNCTION = YES;
				GCC_WARN_UNUSED_VARIABLE = YES;
				IPHONEOS_DEPLOYMENT_TARGET = 16.2;
				MTL_ENABLE_DEBUG_INFO = NO;
				MTL_FAST_MATH = YES;
				SDKROOT = iphoneos;
				SWIFT_COMPILATION_MODE = wholemodule;
				SWIFT_OPTIMIZATION_LEVEL = "-O";
				VALIDATE_PRODUCT = YES;
			};
			name = Release;
		};
		054572A2298FAD130058049F /* Debug */ = {
			isa = XCBuildConfiguration;
			buildSettings = {
				ASSETCATALOG_COMPILER_APPICON_NAME = AppIcon;
				ASSETCATALOG_COMPILER_GLOBAL_ACCENT_COLOR_NAME = AccentColor;
				CODE_SIGN_STYLE = Automatic;
				CURRENT_PROJECT_VERSION = 1;
				GENERATE_INFOPLIST_FILE = YES;
				INFOPLIST_FILE = TheNews/Info.plist;
				INFOPLIST_KEY_UIApplicationSupportsIndirectInputEvents = YES;
				INFOPLIST_KEY_UILaunchStoryboardName = LaunchScreen;
				INFOPLIST_KEY_UIMainStoryboardFile = Main;
				INFOPLIST_KEY_UISupportedInterfaceOrientations_iPad = "UIInterfaceOrientationPortrait UIInterfaceOrientationPortraitUpsideDown UIInterfaceOrientationLandscapeLeft UIInterfaceOrientationLandscapeRight";
				INFOPLIST_KEY_UISupportedInterfaceOrientations_iPhone = "UIInterfaceOrientationPortrait UIInterfaceOrientationLandscapeLeft UIInterfaceOrientationLandscapeRight";
				IPHONEOS_DEPLOYMENT_TARGET = 14.0;
				LD_RUNPATH_SEARCH_PATHS = (
					"$(inherited)",
					"@executable_path/Frameworks",
				);
				MARKETING_VERSION = 1.0;
				PRODUCT_BUNDLE_IDENTIFIER = cc.TheNews;
				PRODUCT_NAME = "$(TARGET_NAME)";
				SWIFT_EMIT_LOC_STRINGS = YES;
				SWIFT_VERSION = 5.0;
				TARGETED_DEVICE_FAMILY = "1,2";
			};
			name = Debug;
		};
		054572A3298FAD130058049F /* Release */ = {
			isa = XCBuildConfiguration;
			buildSettings = {
				ASSETCATALOG_COMPILER_APPICON_NAME = AppIcon;
				ASSETCATALOG_COMPILER_GLOBAL_ACCENT_COLOR_NAME = AccentColor;
				CODE_SIGN_STYLE = Automatic;
				CURRENT_PROJECT_VERSION = 1;
				GENERATE_INFOPLIST_FILE = YES;
				INFOPLIST_FILE = TheNews/Info.plist;
				INFOPLIST_KEY_UIApplicationSupportsIndirectInputEvents = YES;
				INFOPLIST_KEY_UILaunchStoryboardName = LaunchScreen;
				INFOPLIST_KEY_UIMainStoryboardFile = Main;
				INFOPLIST_KEY_UISupportedInterfaceOrientations_iPad = "UIInterfaceOrientationPortrait UIInterfaceOrientationPortraitUpsideDown UIInterfaceOrientationLandscapeLeft UIInterfaceOrientationLandscapeRight";
				INFOPLIST_KEY_UISupportedInterfaceOrientations_iPhone = "UIInterfaceOrientationPortrait UIInterfaceOrientationLandscapeLeft UIInterfaceOrientationLandscapeRight";
				IPHONEOS_DEPLOYMENT_TARGET = 14.0;
				LD_RUNPATH_SEARCH_PATHS = (
					"$(inherited)",
					"@executable_path/Frameworks",
				);
				MARKETING_VERSION = 1.0;
				PRODUCT_BUNDLE_IDENTIFIER = cc.TheNews;
				PRODUCT_NAME = "$(TARGET_NAME)";
				SWIFT_EMIT_LOC_STRINGS = YES;
				SWIFT_VERSION = 5.0;
				TARGETED_DEVICE_FAMILY = "1,2";
			};
			name = Release;
		};
		054572A5298FAD130058049F /* Debug */ = {
			isa = XCBuildConfiguration;
			buildSettings = {
				ALWAYS_EMBED_SWIFT_STANDARD_LIBRARIES = YES;
				BUNDLE_LOADER = "$(TEST_HOST)";
				CODE_SIGN_STYLE = Automatic;
				CURRENT_PROJECT_VERSION = 1;
				GENERATE_INFOPLIST_FILE = YES;
				IPHONEOS_DEPLOYMENT_TARGET = 14.0;
				MARKETING_VERSION = 1.0;
				PRODUCT_BUNDLE_IDENTIFIER = cc.TheNewsTests;
				PRODUCT_NAME = "$(TARGET_NAME)";
				SWIFT_EMIT_LOC_STRINGS = NO;
				SWIFT_VERSION = 5.0;
				TARGETED_DEVICE_FAMILY = "1,2";
				TEST_HOST = "$(BUILT_PRODUCTS_DIR)/TheNews.app/$(BUNDLE_EXECUTABLE_FOLDER_PATH)/TheNews";
			};
			name = Debug;
		};
		054572A6298FAD130058049F /* Release */ = {
			isa = XCBuildConfiguration;
			buildSettings = {
				ALWAYS_EMBED_SWIFT_STANDARD_LIBRARIES = YES;
				BUNDLE_LOADER = "$(TEST_HOST)";
				CODE_SIGN_STYLE = Automatic;
				CURRENT_PROJECT_VERSION = 1;
				GENERATE_INFOPLIST_FILE = YES;
				IPHONEOS_DEPLOYMENT_TARGET = 14.0;
				MARKETING_VERSION = 1.0;
				PRODUCT_BUNDLE_IDENTIFIER = cc.TheNewsTests;
				PRODUCT_NAME = "$(TARGET_NAME)";
				SWIFT_EMIT_LOC_STRINGS = NO;
				SWIFT_VERSION = 5.0;
				TARGETED_DEVICE_FAMILY = "1,2";
				TEST_HOST = "$(BUILT_PRODUCTS_DIR)/TheNews.app/$(BUNDLE_EXECUTABLE_FOLDER_PATH)/TheNews";
			};
			name = Release;
		};
		054572A8298FAD130058049F /* Debug */ = {
			isa = XCBuildConfiguration;
			buildSettings = {
				ALWAYS_EMBED_SWIFT_STANDARD_LIBRARIES = YES;
				CODE_SIGN_STYLE = Automatic;
				CURRENT_PROJECT_VERSION = 1;
				GENERATE_INFOPLIST_FILE = YES;
				MARKETING_VERSION = 1.0;
				PRODUCT_BUNDLE_IDENTIFIER = cc.TheNewsUITests;
				PRODUCT_NAME = "$(TARGET_NAME)";
				SWIFT_EMIT_LOC_STRINGS = NO;
				SWIFT_VERSION = 5.0;
				TARGETED_DEVICE_FAMILY = "1,2";
				TEST_TARGET_NAME = TheNews;
			};
			name = Debug;
		};
		054572A9298FAD130058049F /* Release */ = {
			isa = XCBuildConfiguration;
			buildSettings = {
				ALWAYS_EMBED_SWIFT_STANDARD_LIBRARIES = YES;
				CODE_SIGN_STYLE = Automatic;
				CURRENT_PROJECT_VERSION = 1;
				GENERATE_INFOPLIST_FILE = YES;
				MARKETING_VERSION = 1.0;
				PRODUCT_BUNDLE_IDENTIFIER = cc.TheNewsUITests;
				PRODUCT_NAME = "$(TARGET_NAME)";
				SWIFT_EMIT_LOC_STRINGS = NO;
				SWIFT_VERSION = 5.0;
				TARGETED_DEVICE_FAMILY = "1,2";
				TEST_TARGET_NAME = TheNews;
			};
			name = Release;
		};
/* End XCBuildConfiguration section */

/* Begin XCConfigurationList section */
		05457272298FAD100058049F /* Build configuration list for PBXProject "TheNews" */ = {
			isa = XCConfigurationList;
			buildConfigurations = (
				0545729F298FAD130058049F /* Debug */,
				054572A0298FAD130058049F /* Release */,
			);
			defaultConfigurationIsVisible = 0;
			defaultConfigurationName = Release;
		};
		054572A1298FAD130058049F /* Build configuration list for PBXNativeTarget "TheNews" */ = {
			isa = XCConfigurationList;
			buildConfigurations = (
				054572A2298FAD130058049F /* Debug */,
				054572A3298FAD130058049F /* Release */,
			);
			defaultConfigurationIsVisible = 0;
			defaultConfigurationName = Release;
		};
		054572A4298FAD130058049F /* Build configuration list for PBXNativeTarget "TheNewsTests" */ = {
			isa = XCConfigurationList;
			buildConfigurations = (
				054572A5298FAD130058049F /* Debug */,
				054572A6298FAD130058049F /* Release */,
			);
			defaultConfigurationIsVisible = 0;
			defaultConfigurationName = Release;
		};
		054572A7298FAD130058049F /* Build configuration list for PBXNativeTarget "TheNewsUITests" */ = {
			isa = XCConfigurationList;
			buildConfigurations = (
				054572A8298FAD130058049F /* Debug */,
				054572A9298FAD130058049F /* Release */,
			);
			defaultConfigurationIsVisible = 0;
			defaultConfigurationName = Release;
		};
/* End XCConfigurationList section */
	};
	rootObject = 0545726F298FAD100058049F /* Project object */;
}
